
Microsoft Visual Studio Solution File, Format Version 12.00
# Visual Studio Version 17
VisualStudioVersion = 17.0.31903.59
MinimumVisualStudioVersion = 10.0.40219.1
Project("{FAE04EC0-301F-11D3-BF4B-00C04F79EFBC}") = "Bubblefy.Data", "Bubblefy.Data\Bubblefy.Data.csproj", "{97D0AB1E-42FB-4D15-A532-C450DD2D4BB9}"
EndProject
Project("{FAE04EC0-301F-11D3-BF4B-00C04F79EFBC}") = "Bubblefy.Model", "Bubblefy.Model\Bubblefy.Model.csproj", "{94D37805-8B4D-4CC8-8492-0F99F96F5292}"
EndProject
Project("{FAE04EC0-301F-11D3-BF4B-00C04F79EFBC}") = "Bubblefy.Business", "Bubblefy.Business\Bubblefy.Business.csproj", "{337B9BEF-FDBB-4035-A0AD-3BACF73DC143}"
EndProject
Project("{FAE04EC0-301F-11D3-BF4B-00C04F79EFBC}") = "Bubblefy.Service", "Bubblefy.Service\Bubblefy.Service.csproj", "{9F236417-4906-4538-B9D9-B06324A92043}"
EndProject
Project("{FAE04EC0-301F-11D3-BF4B-00C04F79EFBC}") = "Bubblefy.WebApi", "Bubblefy.WebApi\Bubblefy.WebApi.csproj", "{D2A0A981-EE13-40C8-A451-A6088DF9DA79}"
EndProject
Project("{FAE04EC0-301F-11D3-BF4B-00C04F79EFBC}") = "Bubblefy.ConsoleApp", "Bubblefy.ConsoleApp\Bubblefy.ConsoleApp.csproj", "{6A563F61-6864-407D-AA72-4C094B866926}"
EndProject
Global
	GlobalSection(SolutionConfigurationPlatforms) = preSolution
		Debug|Any CPU = Debug|Any CPU
		Debug|x64 = Debug|x64
		Debug|x86 = Debug|x86
		Release|Any CPU = Release|Any CPU
		Release|x64 = Release|x64
		Release|x86 = Release|x86
	EndGlobalSection
	GlobalSection(ProjectConfigurationPlatforms) = postSolution
		{97D0AB1E-42FB-4D15-A532-C450DD2D4BB9}.Debug|Any CPU.ActiveCfg = Debug|Any CPU
		{97D0AB1E-42FB-4D15-A532-C450DD2D4BB9}.Debug|Any CPU.Build.0 = Debug|Any CPU
		{97D0AB1E-42FB-4D15-A532-C450DD2D4BB9}.Debug|x64.ActiveCfg = Debug|Any CPU
		{97D0AB1E-42FB-4D15-A532-C450DD2D4BB9}.Debug|x64.Build.0 = Debug|Any CPU
		{97D0AB1E-42FB-4D15-A532-C450DD2D4BB9}.Debug|x86.ActiveCfg = Debug|Any CPU
		{97D0AB1E-42FB-4D15-A532-C450DD2D4BB9}.Debug|x86.Build.0 = Debug|Any CPU
		{97D0AB1E-42FB-4D15-A532-C450DD2D4BB9}.Release|Any CPU.ActiveCfg = Release|Any CPU
		{97D0AB1E-42FB-4D15-A532-C450DD2D4BB9}.Release|Any CPU.Build.0 = Release|Any CPU
		{97D0AB1E-42FB-4D15-A532-C450DD2D4BB9}.Release|x64.ActiveCfg = Release|Any CPU
		{97D0AB1E-42FB-4D15-A532-C450DD2D4BB9}.Release|x64.Build.0 = Release|Any CPU
		{97D0AB1E-42FB-4D15-A532-C450DD2D4BB9}.Release|x86.ActiveCfg = Release|Any CPU
		{97D0AB1E-42FB-4D15-A532-C450DD2D4BB9}.Release|x86.Build.0 = Release|Any CPU
		{94D37805-8B4D-4CC8-8492-0F99F96F5292}.Debug|Any CPU.ActiveCfg = Debug|Any CPU
		{94D37805-8B4D-4CC8-8492-0F99F96F5292}.Debug|Any CPU.Build.0 = Debug|Any CPU
		{94D37805-8B4D-4CC8-8492-0F99F96F5292}.Debug|x64.ActiveCfg = Debug|Any CPU
		{94D37805-8B4D-4CC8-8492-0F99F96F5292}.Debug|x64.Build.0 = Debug|Any CPU
		{94D37805-8B4D-4CC8-8492-0F99F96F5292}.Debug|x86.ActiveCfg = Debug|Any CPU
		{94D37805-8B4D-4CC8-8492-0F99F96F5292}.Debug|x86.Build.0 = Debug|Any CPU
		{94D37805-8B4D-4CC8-8492-0F99F96F5292}.Release|Any CPU.ActiveCfg = Release|Any CPU
		{94D37805-8B4D-4CC8-8492-0F99F96F5292}.Release|Any CPU.Build.0 = Release|Any CPU
		{94D37805-8B4D-4CC8-8492-0F99F96F5292}.Release|x64.ActiveCfg = Release|Any CPU
		{94D37805-8B4D-4CC8-8492-0F99F96F5292}.Release|x64.Build.0 = Release|Any CPU
		{94D37805-8B4D-4CC8-8492-0F99F96F5292}.Release|x86.ActiveCfg = Release|Any CPU
		{94D37805-8B4D-4CC8-8492-0F99F96F5292}.Release|x86.Build.0 = Release|Any CPU
		{337B9BEF-FDBB-4035-A0AD-3BACF73DC143}.Debug|Any CPU.ActiveCfg = Debug|Any CPU
		{337B9BEF-FDBB-4035-A0AD-3BACF73DC143}.Debug|Any CPU.Build.0 = Debug|Any CPU
		{337B9BEF-FDBB-4035-A0AD-3BACF73DC143}.Debug|x64.ActiveCfg = Debug|Any CPU
		{337B9BEF-FDBB-4035-A0AD-3BACF73DC143}.Debug|x64.Build.0 = Debug|Any CPU
		{337B9BEF-FDBB-4035-A0AD-3BACF73DC143}.Debug|x86.ActiveCfg = Debug|Any CPU
		{337B9BEF-FDBB-4035-A0AD-3BACF73DC143}.Debug|x86.Build.0 = Debug|Any CPU
		{337B9BEF-FDBB-4035-A0AD-3BACF73DC143}.Release|Any CPU.ActiveCfg = Release|Any CPU
		{337B9BEF-FDBB-4035-A0AD-3BACF73DC143}.Release|Any CPU.Build.0 = Release|Any CPU
		{337B9BEF-FDBB-4035-A0AD-3BACF73DC143}.Release|x64.ActiveCfg = Release|Any CPU
		{337B9BEF-FDBB-4035-A0AD-3BACF73DC143}.Release|x64.Build.0 = Release|Any CPU
		{337B9BEF-FDBB-4035-A0AD-3BACF73DC143}.Release|x86.ActiveCfg = Release|Any CPU
		{337B9BEF-FDBB-4035-A0AD-3BACF73DC143}.Release|x86.Build.0 = Release|Any CPU
		{9F236417-4906-4538-B9D9-B06324A92043}.Debug|Any CPU.ActiveCfg = Debug|Any CPU
		{9F236417-4906-4538-B9D9-B06324A92043}.Debug|Any CPU.Build.0 = Debug|Any CPU
		{9F236417-4906-4538-B9D9-B06324A92043}.Debug|x64.ActiveCfg = Debug|Any CPU
		{9F236417-4906-4538-B9D9-B06324A92043}.Debug|x64.Build.0 = Debug|Any CPU
		{9F236417-4906-4538-B9D9-B06324A92043}.Debug|x86.ActiveCfg = Debug|Any CPU
		{9F236417-4906-4538-B9D9-B06324A92043}.Debug|x86.Build.0 = Debug|Any CPU
		{9F236417-4906-4538-B9D9-B06324A92043}.Release|Any CPU.ActiveCfg = Release|Any CPU
		{9F236417-4906-4538-B9D9-B06324A92043}.Release|Any CPU.Build.0 = Release|Any CPU
		{9F236417-4906-4538-B9D9-B06324A92043}.Release|x64.ActiveCfg = Release|Any CPU
		{9F236417-4906-4538-B9D9-B06324A92043}.Release|x64.Build.0 = Release|Any CPU
		{9F236417-4906-4538-B9D9-B06324A92043}.Release|x86.ActiveCfg = Release|Any CPU
		{9F236417-4906-4538-B9D9-B06324A92043}.Release|x86.Build.0 = Release|Any CPU
		{D2A0A981-EE13-40C8-A451-A6088DF9DA79}.Debug|Any CPU.ActiveCfg = Debug|Any CPU
		{D2A0A981-EE13-40C8-A451-A6088DF9DA79}.Debug|Any CPU.Build.0 = Debug|Any CPU
		{D2A0A981-EE13-40C8-A451-A6088DF9DA79}.Debug|x64.ActiveCfg = Debug|Any CPU
		{D2A0A981-EE13-40C8-A451-A6088DF9DA79}.Debug|x64.Build.0 = Debug|Any CPU
		{D2A0A981-EE13-40C8-A451-A6088DF9DA79}.Debug|x86.ActiveCfg = Debug|Any CPU
		{D2A0A981-EE13-40C8-A451-A6088DF9DA79}.Debug|x86.Build.0 = Debug|Any CPU
		{D2A0A981-EE13-40C8-A451-A6088DF9DA79}.Release|Any CPU.ActiveCfg = Release|Any CPU
		{D2A0A981-EE13-40C8-A451-A6088DF9DA79}.Release|Any CPU.Build.0 = Release|Any CPU
		{D2A0A981-EE13-40C8-A451-A6088DF9DA79}.Release|x64.ActiveCfg = Release|Any CPU
		{D2A0A981-EE13-40C8-A451-A6088DF9DA79}.Release|x64.Build.0 = Release|Any CPU
		{D2A0A981-EE13-40C8-A451-A6088DF9DA79}.Release|x86.ActiveCfg = Release|Any CPU
		{D2A0A981-EE13-40C8-A451-A6088DF9DA79}.Release|x86.Build.0 = Release|Any CPU
		{6A563F61-6864-407D-AA72-4C094B866926}.Debug|Any CPU.ActiveCfg = Debug|Any CPU
		{6A563F61-6864-407D-AA72-4C094B866926}.Debug|Any CPU.Build.0 = Debug|Any CPU
		{6A563F61-6864-407D-AA72-4C094B866926}.Debug|x64.ActiveCfg = Debug|Any CPU
		{6A563F61-6864-407D-AA72-4C094B866926}.Debug|x64.Build.0 = Debug|Any CPU
		{6A563F61-6864-407D-AA72-4C094B866926}.Debug|x86.ActiveCfg = Debug|Any CPU
		{6A563F61-6864-407D-AA72-4C094B866926}.Debug|x86.Build.0 = Debug|Any CPU
		{6A563F61-6864-407D-AA72-4C094B866926}.Release|Any CPU.ActiveCfg = Release|Any CPU
		{6A563F61-6864-407D-AA72-4C094B866926}.Release|Any CPU.Build.0 = Release|Any CPU
		{6A563F61-6864-407D-AA72-4C094B866926}.Release|x64.ActiveCfg = Release|Any CPU
		{6A563F61-6864-407D-AA72-4C094B866926}.Release|x64.Build.0 = Release|Any CPU
		{6A563F61-6864-407D-AA72-4C094B866926}.Release|x86.ActiveCfg = Release|Any CPU
		{6A563F61-6864-407D-AA72-4C094B866926}.Release|x86.Build.0 = Release|Any CPU
	EndGlobalSection
	GlobalSection(SolutionProperties) = preSolution
		HideSolutionNode = FALSE
	EndGlobalSection
EndGlobal
